
Microsoft Visual Studio Solution File, Format Version 12.00
# Visual Studio Version 16
VisualStudioVersion = 16.0.31729.503
MinimumVisualStudioVersion = 10.0.40219.1
Project("{FAE04EC0-301F-11D3-BF4B-00C04F79EFBC}") = "DEnEme", "DEnEme\DEnEme.csproj", "{FA72BA86-5F62-4FC6-BA0F-703330BF8DC1}"
EndProject
Global
	GlobalSection(SolutionConfigurationPlatforms) = preSolution
		Debug|Any CPU = Debug|Any CPU
		Release|Any CPU = Release|Any CPU
	EndGlobalSection
	GlobalSection(ProjectConfigurationPlatforms) = postSolution
		{FA72BA86-5F62-4FC6-BA0F-703330BF8DC1}.Debug|Any CPU.ActiveCfg = Debug|Any CPU
		{FA72BA86-5F62-4FC6-BA0F-703330BF8DC1}.Debug|Any CPU.Build.0 = Debug|Any CPU
		{FA72BA86-5F62-4FC6-BA0F-703330BF8DC1}.Release|Any CPU.ActiveCfg = Release|Any CPU
		{FA72BA86-5F62-4FC6-BA0F-703330BF8DC1}.Release|Any CPU.Build.0 = Release|Any CPU
	EndGlobalSection
	GlobalSection(SolutionProperties) = preSolution
		HideSolutionNode = FALSE
	EndGlobalSection
	GlobalSection(ExtensibilityGlobals) = postSolution
		SolutionGuid = {71567FC6-60DC-4C65-B238-B14EF2ED6398}
	EndGlobalSection
EndGlobal
